
Microsoft Visual Studio Solution File, Format Version 12.00
# Visual Studio 14
VisualStudioVersion = 14.0.25420.1
MinimumVisualStudioVersion = 10.0.40219.1
Project("{2150E333-8FDC-42A3-9474-1A3956D46DE8}") = "src", "src", "{2055C404-089F-4834-817A-BAB14F60FC9D}"
EndProject
Project("{2150E333-8FDC-42A3-9474-1A3956D46DE8}") = "Solution Items", "Solution Items", "{87F872B1-6DED-43C6-B2A3-0A96A7640F03}"
	ProjectSection(SolutionItems) = preProject
		changelog.md = changelog.md
		global.json = global.json
		NuGet.Config = NuGet.Config
		readme.md = readme.md
	EndProjectSection
EndProject
Project("{2150E333-8FDC-42A3-9474-1A3956D46DE8}") = "test", "test", "{A6F41E8F-3B28-47EE-8EAD-20CAE7487738}"
EndProject
Project("{2150E333-8FDC-42A3-9474-1A3956D46DE8}") = "samples", "samples", "{1F2F4D2A-4AC7-4678-98D5-D361EB06E2D0}"
EndProject
Project("{8BB2217D-0F2D-49D1-97BC-3654ED321F3B}") = "Digipolis.Codetable", "src\Digipolis.Codetable\Digipolis.Codetable.xproj", "{FEE9DAC5-91D3-4415-82BC-B5411902917E}"
EndProject
Project("{8BB2217D-0F2D-49D1-97BC-3654ED321F3B}") = "Digipolis.Codetable.UnitTests", "test\Digipolis.Codetable.UnitTests\Digipolis.Codetable.UnitTests.xproj", "{E97C5EC3-93F3-4E20-833B-5F2C5A697708}"
EndProject
Project("{8BB2217D-0F2D-49D1-97BC-3654ED321F3B}") = "WebTest", "samples\WebTest\WebTest.xproj", "{21BAEB81-AD3F-40D7-81FD-1A17566F50FA}"
EndProject
Global
	GlobalSection(SolutionConfigurationPlatforms) = preSolution
		Debug|Any CPU = Debug|Any CPU
		Release|Any CPU = Release|Any CPU
	EndGlobalSection
	GlobalSection(ProjectConfigurationPlatforms) = postSolution
		{FEE9DAC5-91D3-4415-82BC-B5411902917E}.Debug|Any CPU.ActiveCfg = Debug|Any CPU
		{FEE9DAC5-91D3-4415-82BC-B5411902917E}.Debug|Any CPU.Build.0 = Debug|Any CPU
		{FEE9DAC5-91D3-4415-82BC-B5411902917E}.Release|Any CPU.ActiveCfg = Release|Any CPU
		{FEE9DAC5-91D3-4415-82BC-B5411902917E}.Release|Any CPU.Build.0 = Release|Any CPU
		{E97C5EC3-93F3-4E20-833B-5F2C5A697708}.Debug|Any CPU.ActiveCfg = Debug|Any CPU
		{E97C5EC3-93F3-4E20-833B-5F2C5A697708}.Debug|Any CPU.Build.0 = Debug|Any CPU
		{E97C5EC3-93F3-4E20-833B-5F2C5A697708}.Release|Any CPU.ActiveCfg = Release|Any CPU
		{E97C5EC3-93F3-4E20-833B-5F2C5A697708}.Release|Any CPU.Build.0 = Release|Any CPU
		{21BAEB81-AD3F-40D7-81FD-1A17566F50FA}.Debug|Any CPU.ActiveCfg = Debug|Any CPU
		{21BAEB81-AD3F-40D7-81FD-1A17566F50FA}.Debug|Any CPU.Build.0 = Debug|Any CPU
		{21BAEB81-AD3F-40D7-81FD-1A17566F50FA}.Release|Any CPU.ActiveCfg = Release|Any CPU
		{21BAEB81-AD3F-40D7-81FD-1A17566F50FA}.Release|Any CPU.Build.0 = Release|Any CPU
	EndGlobalSection
	GlobalSection(SolutionProperties) = preSolution
		HideSolutionNode = FALSE
	EndGlobalSection
	GlobalSection(NestedProjects) = preSolution
		{FEE9DAC5-91D3-4415-82BC-B5411902917E} = {2055C404-089F-4834-817A-BAB14F60FC9D}
		{E97C5EC3-93F3-4E20-833B-5F2C5A697708} = {A6F41E8F-3B28-47EE-8EAD-20CAE7487738}
		{21BAEB81-AD3F-40D7-81FD-1A17566F50FA} = {1F2F4D2A-4AC7-4678-98D5-D361EB06E2D0}
	EndGlobalSection
EndGlobal
